
Microsoft Visual Studio Solution File, Format Version 12.00
# Visual Studio 15
VisualStudioVersion = 15.0.28307.902
MinimumVisualStudioVersion = 10.0.40219.1
Project("{FAE04EC0-301F-11D3-BF4B-00C04F79EFBC}") = "GitTest.UI.MVC", "GitTest.UI.MVC\GitTest.UI.MVC.csproj", "{4F13939E-6857-4D45-B9AE-B5CB8F3BD1B0}"
EndProject
Global
	GlobalSection(SolutionConfigurationPlatforms) = preSolution
		Debug|Any CPU = Debug|Any CPU
		Release|Any CPU = Release|Any CPU
	EndGlobalSection
	GlobalSection(ProjectConfigurationPlatforms) = postSolution
		{4F13939E-6857-4D45-B9AE-B5CB8F3BD1B0}.Debug|Any CPU.ActiveCfg = Debug|Any CPU
		{4F13939E-6857-4D45-B9AE-B5CB8F3BD1B0}.Debug|Any CPU.Build.0 = Debug|Any CPU
		{4F13939E-6857-4D45-B9AE-B5CB8F3BD1B0}.Release|Any CPU.ActiveCfg = Release|Any CPU
		{4F13939E-6857-4D45-B9AE-B5CB8F3BD1B0}.Release|Any CPU.Build.0 = Release|Any CPU
	EndGlobalSection
	GlobalSection(SolutionProperties) = preSolution
		HideSolutionNode = FALSE
	EndGlobalSection
	GlobalSection(ExtensibilityGlobals) = postSolution
		SolutionGuid = {9FF1636F-2845-41D8-9914-AF2BCF981952}
	EndGlobalSection
EndGlobal
